// !$*UTF8*$!
{
	archiveVersion = 1;
	classes = {
	};
	objectVersion = 56;
	objects = {

/* Begin PBXBuildFile section */
		1044C68A2BDAB362001D6F93 /* WeatherInfoViewModel.swift in Sources */ = {isa = PBXBuildFile; fileRef = 1044C6892BDAB362001D6F93 /* WeatherInfoViewModel.swift */; };
		1044C68C2BDAB679001D6F93 /* Double + Format.swift in Sources */ = {isa = PBXBuildFile; fileRef = 1044C68B2BDAB679001D6F93 /* Double + Format.swift */; };
		106A2C772BDF8E1700CD6E48 /* DailyDataViewModel.swift in Sources */ = {isa = PBXBuildFile; fileRef = 106A2C762BDF8E1700CD6E48 /* DailyDataViewModel.swift */; };
		1072D6C32BA4354600EE103C /* WeatherInfoView.swift in Sources */ = {isa = PBXBuildFile; fileRef = 1072D6C22BA4354600EE103C /* WeatherInfoView.swift */; };
		1097FEB02BD7A01700364F6B /* MyCalendar.swift in Sources */ = {isa = PBXBuildFile; fileRef = 1097FEAF2BD7A01700364F6B /* MyCalendar.swift */; };
		10A43C1F2BAC1E43009F19BD /* OpenMeteoSdk in Frameworks */ = {isa = PBXBuildFile; productRef = 10A43C1E2BAC1E43009F19BD /* OpenMeteoSdk */; };
		10A43C212BAC1E5C009F19BD /* WeatherRequest.swift in Sources */ = {isa = PBXBuildFile; fileRef = 10A43C202BAC1E5C009F19BD /* WeatherRequest.swift */; };
		10A43C232BAC3886009F19BD /* WeatherCodable.swift in Sources */ = {isa = PBXBuildFile; fileRef = 10A43C222BAC3886009F19BD /* WeatherCodable.swift */; };
		10A5001C2B98731200ADDCAF /* WeatherAppApp.swift in Sources */ = {isa = PBXBuildFile; fileRef = 10A5001B2B98731200ADDCAF /* WeatherAppApp.swift */; };
		10A5001E2B98731200ADDCAF /* ContentView.swift in Sources */ = {isa = PBXBuildFile; fileRef = 10A5001D2B98731200ADDCAF /* ContentView.swift */; };
		10A500202B98731A00ADDCAF /* Assets.xcassets in Resources */ = {isa = PBXBuildFile; fileRef = 10A5001F2B98731A00ADDCAF /* Assets.xcassets */; };
		10A500232B98731A00ADDCAF /* Preview Assets.xcassets in Resources */ = {isa = PBXBuildFile; fileRef = 10A500222B98731A00ADDCAF /* Preview Assets.xcassets */; };
		10A5002D2B98731A00ADDCAF /* WeatherAppTests.swift in Sources */ = {isa = PBXBuildFile; fileRef = 10A5002C2B98731A00ADDCAF /* WeatherAppTests.swift */; };
		10A500372B98731A00ADDCAF /* WeatherAppUITests.swift in Sources */ = {isa = PBXBuildFile; fileRef = 10A500362B98731A00ADDCAF /* WeatherAppUITests.swift */; };
		10A500392B98731A00ADDCAF /* WeatherAppUITestsLaunchTests.swift in Sources */ = {isa = PBXBuildFile; fileRef = 10A500382B98731A00ADDCAF /* WeatherAppUITestsLaunchTests.swift */; };
		10A7DB142BDBB2B200BB8C9F /* HourlyDataViewModel.swift in Sources */ = {isa = PBXBuildFile; fileRef = 10A7DB132BDBB2B200BB8C9F /* HourlyDataViewModel.swift */; };
		10B1D7D12BD6B82F001BC80B /* WeatherInfoHeaderView.swift in Sources */ = {isa = PBXBuildFile; fileRef = 10B1D7D02BD6B82F001BC80B /* WeatherInfoHeaderView.swift */; };
		10B1D7D32BD6B869001BC80B /* CommonTitleLabelView.swift in Sources */ = {isa = PBXBuildFile; fileRef = 10B1D7D22BD6B869001BC80B /* CommonTitleLabelView.swift */; };
		10B1D7D52BD6B8CA001BC80B /* WeatherIconView.swift in Sources */ = {isa = PBXBuildFile; fileRef = 10B1D7D42BD6B8CA001BC80B /* WeatherIconView.swift */; };
		10B1D7D72BD6B8F8001BC80B /* MinMaxTemperatureChartView.swift in Sources */ = {isa = PBXBuildFile; fileRef = 10B1D7D62BD6B8F8001BC80B /* MinMaxTemperatureChartView.swift */; };
		10B1D7D92BD6B933001BC80B /* WeatherHourlyView.swift in Sources */ = {isa = PBXBuildFile; fileRef = 10B1D7D82BD6B933001BC80B /* WeatherHourlyView.swift */; };
		10B1D7DB2BD6B999001BC80B /* WeatherForecastListView.swift in Sources */ = {isa = PBXBuildFile; fileRef = 10B1D7DA2BD6B999001BC80B /* WeatherForecastListView.swift */; };
		10B1D7DD2BD6C17F001BC80B /* AnimationData.swift in Sources */ = {isa = PBXBuildFile; fileRef = 10B1D7DC2BD6C17F001BC80B /* AnimationData.swift */; };
		10B1D7DF2BD6D26D001BC80B /* DateForecastViewModel.swift in Sources */ = {isa = PBXBuildFile; fileRef = 10B1D7DE2BD6D26D001BC80B /* DateForecastViewModel.swift */; };
		10B1D7E12BD6D275001BC80B /* DateForecastModel.swift in Sources */ = {isa = PBXBuildFile; fileRef = 10B1D7E02BD6D275001BC80B /* DateForecastModel.swift */; };
		10C24F422BA2DCCE00EEF87F /* MainScreen.swift in Sources */ = {isa = PBXBuildFile; fileRef = 10C24F412BA2DCCE00EEF87F /* MainScreen.swift */; };
		10C24F512BA2DD6300EEF87F /* SettingsView.swift in Sources */ = {isa = PBXBuildFile; fileRef = 10C24F502BA2DD6300EEF87F /* SettingsView.swift */; };
		10C24F532BA2DD7700EEF87F /* DateForecastView.swift in Sources */ = {isa = PBXBuildFile; fileRef = 10C24F522BA2DD7700EEF87F /* DateForecastView.swift */; };
		10C24F552BA2DD8A00EEF87F /* LocationsView.swift in Sources */ = {isa = PBXBuildFile; fileRef = 10C24F542BA2DD8A00EEF87F /* LocationsView.swift */; };
		10C24F592BA2DF7000EEF87F /* MainScreenViewModel.swift in Sources */ = {isa = PBXBuildFile; fileRef = 10C24F582BA2DF7000EEF87F /* MainScreenViewModel.swift */; };
		10C24F5B2BA2E1F900EEF87F /* MyLocationsViewModel.swift in Sources */ = {isa = PBXBuildFile; fileRef = 10C24F5A2BA2E1F900EEF87F /* MyLocationsViewModel.swift */; };
		10C24F5D2BA2E21A00EEF87F /* Location.swift in Sources */ = {isa = PBXBuildFile; fileRef = 10C24F5C2BA2E21A00EEF87F /* Location.swift */; };
		10C24F5F2BA2E33700EEF87F /* SearchBar.swift in Sources */ = {isa = PBXBuildFile; fileRef = 10C24F5E2BA2E33700EEF87F /* SearchBar.swift */; };
		10C24F612BA3053B00EEF87F /* LocationSearchListView.swift in Sources */ = {isa = PBXBuildFile; fileRef = 10C24F602BA3053B00EEF87F /* LocationSearchListView.swift */; };
		10C24F632BA30A2000EEF87F /* LocationManager.swift in Sources */ = {isa = PBXBuildFile; fileRef = 10C24F622BA30A2000EEF87F /* LocationManager.swift */; };
		10D526412BA1DC5F00460A1E /* Constants.swift in Sources */ = {isa = PBXBuildFile; fileRef = 10D526402BA1DC5F00460A1E /* Constants.swift */; };
		10D526432BA1DCFE00460A1E /* ViewFrame.swift in Sources */ = {isa = PBXBuildFile; fileRef = 10D526422BA1DCFE00460A1E /* ViewFrame.swift */; };
		10D526482BA1DD3500460A1E /* Colors.xcassets in Resources */ = {isa = PBXBuildFile; fileRef = 10D526472BA1DD3500460A1E /* Colors.xcassets */; };
		10D5264A2BA1E1B800460A1E /* LoaderView.swift in Sources */ = {isa = PBXBuildFile; fileRef = 10D526492BA1E1B800460A1E /* LoaderView.swift */; };
		10D5264C2BA1F52500460A1E /* Window.swift in Sources */ = {isa = PBXBuildFile; fileRef = 10D5264B2BA1F52500460A1E /* Window.swift */; };
		10D5264E2BA1FE9A00460A1E /* Font.swift in Sources */ = {isa = PBXBuildFile; fileRef = 10D5264D2BA1FE9A00460A1E /* Font.swift */; };
		10D526532BA2004900460A1E /* Nunito-Medium.ttf in Resources */ = {isa = PBXBuildFile; fileRef = 10D5264F2BA2004900460A1E /* Nunito-Medium.ttf */; };
		10D526542BA2004900460A1E /* Nunito-Regular.ttf in Resources */ = {isa = PBXBuildFile; fileRef = 10D526502BA2004900460A1E /* Nunito-Regular.ttf */; };
		10D526552BA2004900460A1E /* Nunito-Light.ttf in Resources */ = {isa = PBXBuildFile; fileRef = 10D526512BA2004900460A1E /* Nunito-Light.ttf */; };
		10D526562BA2004900460A1E /* Nunito-SemiBold.ttf in Resources */ = {isa = PBXBuildFile; fileRef = 10D526522BA2004900460A1E /* Nunito-SemiBold.ttf */; };
		10DC79FC2BA732E80000B702 /* AppErrors.swift in Sources */ = {isa = PBXBuildFile; fileRef = 10DC79FB2BA732E80000B702 /* AppErrors.swift */; };
/* End PBXBuildFile section */

/* Begin PBXContainerItemProxy section */
		10A500292B98731A00ADDCAF /* PBXContainerItemProxy */ = {
			isa = PBXContainerItemProxy;
			containerPortal = 10A500102B98731200ADDCAF /* Project object */;
			proxyType = 1;
			remoteGlobalIDString = 10A500172B98731200ADDCAF;
			remoteInfo = WeatherApp;
		};
		10A500332B98731A00ADDCAF /* PBXContainerItemProxy */ = {
			isa = PBXContainerItemProxy;
			containerPortal = 10A500102B98731200ADDCAF /* Project object */;
			proxyType = 1;
			remoteGlobalIDString = 10A500172B98731200ADDCAF;
			remoteInfo = WeatherApp;
		};
/* End PBXContainerItemProxy section */

/* Begin PBXFileReference section */
		100566CF2BD00D0600352803 /* TestCode.playground */ = {isa = PBXFileReference; lastKnownFileType = file.playground; path = TestCode.playground; sourceTree = "<group>"; xcLanguageSpecificationIdentifier = xcode.lang.swift; };
		1044C6892BDAB362001D6F93 /* WeatherInfoViewModel.swift */ = {isa = PBXFileReference; lastKnownFileType = sourcecode.swift; path = WeatherInfoViewModel.swift; sourceTree = "<group>"; };
		1044C68B2BDAB679001D6F93 /* Double + Format.swift */ = {isa = PBXFileReference; lastKnownFileType = sourcecode.swift; path = "Double + Format.swift"; sourceTree = "<group>"; };
		106A2C762BDF8E1700CD6E48 /* DailyDataViewModel.swift */ = {isa = PBXFileReference; lastKnownFileType = sourcecode.swift; path = DailyDataViewModel.swift; sourceTree = "<group>"; };
		1072D6C22BA4354600EE103C /* WeatherInfoView.swift */ = {isa = PBXFileReference; lastKnownFileType = sourcecode.swift; path = WeatherInfoView.swift; sourceTree = "<group>"; };
		1097FEAF2BD7A01700364F6B /* MyCalendar.swift */ = {isa = PBXFileReference; lastKnownFileType = sourcecode.swift; path = MyCalendar.swift; sourceTree = "<group>"; };
		10A43C202BAC1E5C009F19BD /* WeatherRequest.swift */ = {isa = PBXFileReference; lastKnownFileType = sourcecode.swift; path = WeatherRequest.swift; sourceTree = "<group>"; };
		10A43C222BAC3886009F19BD /* WeatherCodable.swift */ = {isa = PBXFileReference; lastKnownFileType = sourcecode.swift; path = WeatherCodable.swift; sourceTree = "<group>"; };
		10A500182B98731200ADDCAF /* WeatherApp.app */ = {isa = PBXFileReference; explicitFileType = wrapper.application; includeInIndex = 0; path = WeatherApp.app; sourceTree = BUILT_PRODUCTS_DIR; };
		10A5001B2B98731200ADDCAF /* WeatherAppApp.swift */ = {isa = PBXFileReference; lastKnownFileType = sourcecode.swift; path = WeatherAppApp.swift; sourceTree = "<group>"; };
		10A5001D2B98731200ADDCAF /* ContentView.swift */ = {isa = PBXFileReference; lastKnownFileType = sourcecode.swift; path = ContentView.swift; sourceTree = "<group>"; };
		10A5001F2B98731A00ADDCAF /* Assets.xcassets */ = {isa = PBXFileReference; lastKnownFileType = folder.assetcatalog; path = Assets.xcassets; sourceTree = "<group>"; };
		10A500222B98731A00ADDCAF /* Preview Assets.xcassets */ = {isa = PBXFileReference; lastKnownFileType = folder.assetcatalog; path = "Preview Assets.xcassets"; sourceTree = "<group>"; };
		10A500282B98731A00ADDCAF /* WeatherAppTests.xctest */ = {isa = PBXFileReference; explicitFileType = wrapper.cfbundle; includeInIndex = 0; path = WeatherAppTests.xctest; sourceTree = BUILT_PRODUCTS_DIR; };
		10A5002C2B98731A00ADDCAF /* WeatherAppTests.swift */ = {isa = PBXFileReference; lastKnownFileType = sourcecode.swift; path = WeatherAppTests.swift; sourceTree = "<group>"; };
		10A500322B98731A00ADDCAF /* WeatherAppUITests.xctest */ = {isa = PBXFileReference; explicitFileType = wrapper.cfbundle; includeInIndex = 0; path = WeatherAppUITests.xctest; sourceTree = BUILT_PRODUCTS_DIR; };
		10A500362B98731A00ADDCAF /* WeatherAppUITests.swift */ = {isa = PBXFileReference; lastKnownFileType = sourcecode.swift; path = WeatherAppUITests.swift; sourceTree = "<group>"; };
		10A500382B98731A00ADDCAF /* WeatherAppUITestsLaunchTests.swift */ = {isa = PBXFileReference; lastKnownFileType = sourcecode.swift; path = WeatherAppUITestsLaunchTests.swift; sourceTree = "<group>"; };
		10A7DB132BDBB2B200BB8C9F /* HourlyDataViewModel.swift */ = {isa = PBXFileReference; lastKnownFileType = sourcecode.swift; path = HourlyDataViewModel.swift; sourceTree = "<group>"; };
		10B1D7D02BD6B82F001BC80B /* WeatherInfoHeaderView.swift */ = {isa = PBXFileReference; lastKnownFileType = sourcecode.swift; path = WeatherInfoHeaderView.swift; sourceTree = "<group>"; };
		10B1D7D22BD6B869001BC80B /* CommonTitleLabelView.swift */ = {isa = PBXFileReference; lastKnownFileType = sourcecode.swift; path = CommonTitleLabelView.swift; sourceTree = "<group>"; };
		10B1D7D42BD6B8CA001BC80B /* WeatherIconView.swift */ = {isa = PBXFileReference; lastKnownFileType = sourcecode.swift; path = WeatherIconView.swift; sourceTree = "<group>"; };
		10B1D7D62BD6B8F8001BC80B /* MinMaxTemperatureChartView.swift */ = {isa = PBXFileReference; lastKnownFileType = sourcecode.swift; path = MinMaxTemperatureChartView.swift; sourceTree = "<group>"; };
		10B1D7D82BD6B933001BC80B /* WeatherHourlyView.swift */ = {isa = PBXFileReference; lastKnownFileType = sourcecode.swift; path = WeatherHourlyView.swift; sourceTree = "<group>"; };
		10B1D7DA2BD6B999001BC80B /* WeatherForecastListView.swift */ = {isa = PBXFileReference; lastKnownFileType = sourcecode.swift; path = WeatherForecastListView.swift; sourceTree = "<group>"; };
		10B1D7DC2BD6C17F001BC80B /* AnimationData.swift */ = {isa = PBXFileReference; lastKnownFileType = sourcecode.swift; path = AnimationData.swift; sourceTree = "<group>"; };
		10B1D7DE2BD6D26D001BC80B /* DateForecastViewModel.swift */ = {isa = PBXFileReference; lastKnownFileType = sourcecode.swift; path = DateForecastViewModel.swift; sourceTree = "<group>"; };
		10B1D7E02BD6D275001BC80B /* DateForecastModel.swift */ = {isa = PBXFileReference; lastKnownFileType = sourcecode.swift; path = DateForecastModel.swift; sourceTree = "<group>"; };
		10C24F412BA2DCCE00EEF87F /* MainScreen.swift */ = {isa = PBXFileReference; lastKnownFileType = sourcecode.swift; path = MainScreen.swift; sourceTree = "<group>"; };
		10C24F502BA2DD6300EEF87F /* SettingsView.swift */ = {isa = PBXFileReference; lastKnownFileType = sourcecode.swift; path = SettingsView.swift; sourceTree = "<group>"; };
		10C24F522BA2DD7700EEF87F /* DateForecastView.swift */ = {isa = PBXFileReference; lastKnownFileType = sourcecode.swift; path = DateForecastView.swift; sourceTree = "<group>"; };
		10C24F542BA2DD8A00EEF87F /* LocationsView.swift */ = {isa = PBXFileReference; lastKnownFileType = sourcecode.swift; path = LocationsView.swift; sourceTree = "<group>"; };
		10C24F582BA2DF7000EEF87F /* MainScreenViewModel.swift */ = {isa = PBXFileReference; lastKnownFileType = sourcecode.swift; path = MainScreenViewModel.swift; sourceTree = "<group>"; };
		10C24F5A2BA2E1F900EEF87F /* MyLocationsViewModel.swift */ = {isa = PBXFileReference; lastKnownFileType = sourcecode.swift; path = MyLocationsViewModel.swift; sourceTree = "<group>"; };
		10C24F5C2BA2E21A00EEF87F /* Location.swift */ = {isa = PBXFileReference; lastKnownFileType = sourcecode.swift; path = Location.swift; sourceTree = "<group>"; };
		10C24F5E2BA2E33700EEF87F /* SearchBar.swift */ = {isa = PBXFileReference; lastKnownFileType = sourcecode.swift; path = SearchBar.swift; sourceTree = "<group>"; };
		10C24F602BA3053B00EEF87F /* LocationSearchListView.swift */ = {isa = PBXFileReference; lastKnownFileType = sourcecode.swift; path = LocationSearchListView.swift; sourceTree = "<group>"; };
		10C24F622BA30A2000EEF87F /* LocationManager.swift */ = {isa = PBXFileReference; lastKnownFileType = sourcecode.swift; path = LocationManager.swift; sourceTree = "<group>"; };
		10D526402BA1DC5F00460A1E /* Constants.swift */ = {isa = PBXFileReference; lastKnownFileType = sourcecode.swift; path = Constants.swift; sourceTree = "<group>"; };
		10D526422BA1DCFE00460A1E /* ViewFrame.swift */ = {isa = PBXFileReference; lastKnownFileType = sourcecode.swift; path = ViewFrame.swift; sourceTree = "<group>"; };
		10D526472BA1DD3500460A1E /* Colors.xcassets */ = {isa = PBXFileReference; lastKnownFileType = folder.assetcatalog; path = Colors.xcassets; sourceTree = "<group>"; };
		10D526492BA1E1B800460A1E /* LoaderView.swift */ = {isa = PBXFileReference; lastKnownFileType = sourcecode.swift; path = LoaderView.swift; sourceTree = "<group>"; };
		10D5264B2BA1F52500460A1E /* Window.swift */ = {isa = PBXFileReference; lastKnownFileType = sourcecode.swift; path = Window.swift; sourceTree = "<group>"; };
		10D5264D2BA1FE9A00460A1E /* Font.swift */ = {isa = PBXFileReference; lastKnownFileType = sourcecode.swift; path = Font.swift; sourceTree = "<group>"; };
		10D5264F2BA2004900460A1E /* Nunito-Medium.ttf */ = {isa = PBXFileReference; lastKnownFileType = file; path = "Nunito-Medium.ttf"; sourceTree = "<group>"; };
		10D526502BA2004900460A1E /* Nunito-Regular.ttf */ = {isa = PBXFileReference; lastKnownFileType = file; path = "Nunito-Regular.ttf"; sourceTree = "<group>"; };
		10D526512BA2004900460A1E /* Nunito-Light.ttf */ = {isa = PBXFileReference; lastKnownFileType = file; path = "Nunito-Light.ttf"; sourceTree = "<group>"; };
		10D526522BA2004900460A1E /* Nunito-SemiBold.ttf */ = {isa = PBXFileReference; lastKnownFileType = file; path = "Nunito-SemiBold.ttf"; sourceTree = "<group>"; };
		10D526572BA2005C00460A1E /* Info.plist */ = {isa = PBXFileReference; lastKnownFileType = text.plist; path = Info.plist; sourceTree = "<group>"; };
		10DC79FB2BA732E80000B702 /* AppErrors.swift */ = {isa = PBXFileReference; lastKnownFileType = sourcecode.swift; path = AppErrors.swift; sourceTree = "<group>"; };
/* End PBXFileReference section */

/* Begin PBXFrameworksBuildPhase section */
		10A500152B98731200ADDCAF /* Frameworks */ = {
			isa = PBXFrameworksBuildPhase;
			buildActionMask = 2147483647;
			files = (
				10A43C1F2BAC1E43009F19BD /* OpenMeteoSdk in Frameworks */,
			);
			runOnlyForDeploymentPostprocessing = 0;
		};
		10A500252B98731A00ADDCAF /* Frameworks */ = {
			isa = PBXFrameworksBuildPhase;
			buildActionMask = 2147483647;
			files = (
			);
			runOnlyForDeploymentPostprocessing = 0;
		};
		10A5002F2B98731A00ADDCAF /* Frameworks */ = {
			isa = PBXFrameworksBuildPhase;
			buildActionMask = 2147483647;
			files = (
			);
			runOnlyForDeploymentPostprocessing = 0;
		};
/* End PBXFrameworksBuildPhase section */

/* Begin PBXGroup section */
		1072D6BD2BA434D200EE103C /* DateWiseForecast View */ = {
			isa = PBXGroup;
			children = (
				10C24F4A2BA2DD3800EEF87F /* View */,
				10C24F4B2BA2DD3C00EEF87F /* ViewModel */,
				10C24F4C2BA2DD4200EEF87F /* Model */,
			);
			path = "DateWiseForecast View";
			sourceTree = "<group>";
		};
		1072D6BE2BA434E600EE103C /* Weather Info View */ = {
			isa = PBXGroup;
			children = (
				1072D6BF2BA4352100EE103C /* View */,
				1072D6C02BA4352900EE103C /* View Model */,
				1072D6C12BA4352E00EE103C /* Model */,
			);
			path = "Weather Info View";
			sourceTree = "<group>";
		};
		1072D6BF2BA4352100EE103C /* View */ = {
			isa = PBXGroup;
			children = (
				1072D6C22BA4354600EE103C /* WeatherInfoView.swift */,
				10B1D7D02BD6B82F001BC80B /* WeatherInfoHeaderView.swift */,
				10B1D7D82BD6B933001BC80B /* WeatherHourlyView.swift */,
				10B1D7D62BD6B8F8001BC80B /* MinMaxTemperatureChartView.swift */,
				10B1D7DA2BD6B999001BC80B /* WeatherForecastListView.swift */,
			);
			path = View;
			sourceTree = "<group>";
		};
		1072D6C02BA4352900EE103C /* View Model */ = {
			isa = PBXGroup;
			children = (
				1044C6892BDAB362001D6F93 /* WeatherInfoViewModel.swift */,
			);
			path = "View Model";
			sourceTree = "<group>";
		};
		1072D6C12BA4352E00EE103C /* Model */ = {
			isa = PBXGroup;
			children = (
				10A43C222BAC3886009F19BD /* WeatherCodable.swift */,
				10B1D7DC2BD6C17F001BC80B /* AnimationData.swift */,
				10A7DB132BDBB2B200BB8C9F /* HourlyDataViewModel.swift */,
				106A2C762BDF8E1700CD6E48 /* DailyDataViewModel.swift */,
			);
			path = Model;
			sourceTree = "<group>";
		};
		10A5000F2B98731200ADDCAF = {
			isa = PBXGroup;
			children = (
				100566CF2BD00D0600352803 /* TestCode.playground */,
				10A5001A2B98731200ADDCAF /* WeatherApp */,
				10A5002B2B98731A00ADDCAF /* WeatherAppTests */,
				10A500352B98731A00ADDCAF /* WeatherAppUITests */,
				10A500192B98731200ADDCAF /* Products */,
			);
			sourceTree = "<group>";
		};
		10A500192B98731200ADDCAF /* Products */ = {
			isa = PBXGroup;
			children = (
				10A500182B98731200ADDCAF /* WeatherApp.app */,
				10A500282B98731A00ADDCAF /* WeatherAppTests.xctest */,
				10A500322B98731A00ADDCAF /* WeatherAppUITests.xctest */,
			);
			name = Products;
			sourceTree = "<group>";
		};
		10A5001A2B98731200ADDCAF /* WeatherApp */ = {
			isa = PBXGroup;
			children = (
				10D526572BA2005C00460A1E /* Info.plist */,
				10D526382BA1DBCD00460A1E /* App Specific */,
				10D526392BA1DBFE00460A1E /* Features */,
				10D5263A2BA1DC1800460A1E /* Base */,
				10A5001D2B98731200ADDCAF /* ContentView.swift */,
				10A500212B98731A00ADDCAF /* Preview Content */,
			);
			path = WeatherApp;
			sourceTree = "<group>";
		};
		10A500212B98731A00ADDCAF /* Preview Content */ = {
			isa = PBXGroup;
			children = (
				10A500222B98731A00ADDCAF /* Preview Assets.xcassets */,
			);
			path = "Preview Content";
			sourceTree = "<group>";
		};
		10A5002B2B98731A00ADDCAF /* WeatherAppTests */ = {
			isa = PBXGroup;
			children = (
				10A5002C2B98731A00ADDCAF /* WeatherAppTests.swift */,
			);
			path = WeatherAppTests;
			sourceTree = "<group>";
		};
		10A500352B98731A00ADDCAF /* WeatherAppUITests */ = {
			isa = PBXGroup;
			children = (
				10A500362B98731A00ADDCAF /* WeatherAppUITests.swift */,
				10A500382B98731A00ADDCAF /* WeatherAppUITestsLaunchTests.swift */,
			);
			path = WeatherAppUITests;
			sourceTree = "<group>";
		};
		10C24F402BA2DCBB00EEF87F /* Tabbar */ = {
			isa = PBXGroup;
			children = (
				10C24F432BA2DCF400EEF87F /* MainScreenTab */,
				10C24F442BA2DD0200EEF87F /* Locations */,
				10C24F462BA2DD1600EEF87F /* Settings */,
				10C24F452BA2DD0E00EEF87F /* Weather */,
			);
			path = Tabbar;
			sourceTree = "<group>";
		};
		10C24F432BA2DCF400EEF87F /* MainScreenTab */ = {
			isa = PBXGroup;
			children = (
				10C24F412BA2DCCE00EEF87F /* MainScreen.swift */,
				10C24F562BA2DE1700EEF87F /* ViewModel */,
				10C24F572BA2DE1D00EEF87F /* Model */,
			);
			path = MainScreenTab;
			sourceTree = "<group>";
		};
		10C24F442BA2DD0200EEF87F /* Locations */ = {
			isa = PBXGroup;
			children = (
				10C24F4D2BA2DD4800EEF87F /* View */,
				10C24F4F2BA2DD5300EEF87F /* Model */,
				10C24F4E2BA2DD4E00EEF87F /* ViewModel */,
			);
			path = Locations;
			sourceTree = "<group>";
		};
		10C24F452BA2DD0E00EEF87F /* Weather */ = {
			isa = PBXGroup;
			children = (
				1072D6BE2BA434E600EE103C /* Weather Info View */,
				1072D6BD2BA434D200EE103C /* DateWiseForecast View */,
			);
			path = Weather;
			sourceTree = "<group>";
		};
		10C24F462BA2DD1600EEF87F /* Settings */ = {
			isa = PBXGroup;
			children = (
				10C24F472BA2DD2700EEF87F /* View */,
				10C24F492BA2DD3200EEF87F /* ViewModel */,
				10C24F482BA2DD2D00EEF87F /* Model */,
			);
			path = Settings;
			sourceTree = "<group>";
		};
		10C24F472BA2DD2700EEF87F /* View */ = {
			isa = PBXGroup;
			children = (
				10C24F502BA2DD6300EEF87F /* SettingsView.swift */,
			);
			path = View;
			sourceTree = "<group>";
		};
		10C24F482BA2DD2D00EEF87F /* Model */ = {
			isa = PBXGroup;
			children = (
			);
			path = Model;
			sourceTree = "<group>";
		};
		10C24F492BA2DD3200EEF87F /* ViewModel */ = {
			isa = PBXGroup;
			children = (
			);
			path = ViewModel;
			sourceTree = "<group>";
		};
		10C24F4A2BA2DD3800EEF87F /* View */ = {
			isa = PBXGroup;
			children = (
				10C24F522BA2DD7700EEF87F /* DateForecastView.swift */,
			);
			path = View;
			sourceTree = "<group>";
		};
		10C24F4B2BA2DD3C00EEF87F /* ViewModel */ = {
			isa = PBXGroup;
			children = (
				10B1D7DE2BD6D26D001BC80B /* DateForecastViewModel.swift */,
			);
			path = ViewModel;
			sourceTree = "<group>";
		};
		10C24F4C2BA2DD4200EEF87F /* Model */ = {
			isa = PBXGroup;
			children = (
				10B1D7E02BD6D275001BC80B /* DateForecastModel.swift */,
			);
			path = Model;
			sourceTree = "<group>";
		};
		10C24F4D2BA2DD4800EEF87F /* View */ = {
			isa = PBXGroup;
			children = (
				10C24F542BA2DD8A00EEF87F /* LocationsView.swift */,
				10C24F602BA3053B00EEF87F /* LocationSearchListView.swift */,
			);
			path = View;
			sourceTree = "<group>";
		};
		10C24F4E2BA2DD4E00EEF87F /* ViewModel */ = {
			isa = PBXGroup;
			children = (
				10C24F5A2BA2E1F900EEF87F /* MyLocationsViewModel.swift */,
			);
			path = ViewModel;
			sourceTree = "<group>";
		};
		10C24F4F2BA2DD5300EEF87F /* Model */ = {
			isa = PBXGroup;
			children = (
				10C24F5C2BA2E21A00EEF87F /* Location.swift */,
			);
			path = Model;
			sourceTree = "<group>";
		};
		10C24F562BA2DE1700EEF87F /* ViewModel */ = {
			isa = PBXGroup;
			children = (
				10C24F582BA2DF7000EEF87F /* MainScreenViewModel.swift */,
			);
			path = ViewModel;
			sourceTree = "<group>";
		};
		10C24F572BA2DE1D00EEF87F /* Model */ = {
			isa = PBXGroup;
			children = (
			);
			path = Model;
			sourceTree = "<group>";
		};
		10D526382BA1DBCD00460A1E /* App Specific */ = {
			isa = PBXGroup;
			children = (
				10A5001B2B98731200ADDCAF /* WeatherAppApp.swift */,
			);
			path = "App Specific";
			sourceTree = "<group>";
		};
		10D526392BA1DBFE00460A1E /* Features */ = {
			isa = PBXGroup;
			children = (
				10C24F402BA2DCBB00EEF87F /* Tabbar */,
			);
			path = Features;
			sourceTree = "<group>";
		};
		10D5263A2BA1DC1800460A1E /* Base */ = {
			isa = PBXGroup;
			children = (
				10D526442BA1DD1300460A1E /* Assest */,
				10D5263F2BA1DC5100460A1E /* Utils */,
				10D5263E2BA1DC4B00460A1E /* Views */,
				10D5263D2BA1DC3A00460A1E /* Fonts */,
				10D5263C2BA1DC2D00460A1E /* Extensions */,
				10D5263B2BA1DC2700460A1E /* Networking */,
			);
			path = Base;
			sourceTree = "<group>";
		};
		10D5263B2BA1DC2700460A1E /* Networking */ = {
			isa = PBXGroup;
			children = (
				10A43C202BAC1E5C009F19BD /* WeatherRequest.swift */,
			);
			path = Networking;
			sourceTree = "<group>";
		};
		10D5263C2BA1DC2D00460A1E /* Extensions */ = {
			isa = PBXGroup;
			children = (
				10D526422BA1DCFE00460A1E /* ViewFrame.swift */,
				10D5264B2BA1F52500460A1E /* Window.swift */,
				10D5264D2BA1FE9A00460A1E /* Font.swift */,
				1044C68B2BDAB679001D6F93 /* Double + Format.swift */,
			);
			path = Extensions;
			sourceTree = "<group>";
		};
		10D5263D2BA1DC3A00460A1E /* Fonts */ = {
			isa = PBXGroup;
			children = (
				10D526512BA2004900460A1E /* Nunito-Light.ttf */,
				10D5264F2BA2004900460A1E /* Nunito-Medium.ttf */,
				10D526502BA2004900460A1E /* Nunito-Regular.ttf */,
				10D526522BA2004900460A1E /* Nunito-SemiBold.ttf */,
			);
			path = Fonts;
			sourceTree = "<group>";
		};
		10D5263E2BA1DC4B00460A1E /* Views */ = {
			isa = PBXGroup;
			children = (
				10D526492BA1E1B800460A1E /* LoaderView.swift */,
				10C24F5E2BA2E33700EEF87F /* SearchBar.swift */,
				10B1D7D22BD6B869001BC80B /* CommonTitleLabelView.swift */,
				10B1D7D42BD6B8CA001BC80B /* WeatherIconView.swift */,
			);
			path = Views;
			sourceTree = "<group>";
		};
		10D5263F2BA1DC5100460A1E /* Utils */ = {
			isa = PBXGroup;
			children = (
				10D526402BA1DC5F00460A1E /* Constants.swift */,
				10C24F622BA30A2000EEF87F /* LocationManager.swift */,
				10DC79FB2BA732E80000B702 /* AppErrors.swift */,
				1097FEAF2BD7A01700364F6B /* MyCalendar.swift */,
			);
			path = Utils;
			sourceTree = "<group>";
		};
		10D526442BA1DD1300460A1E /* Assest */ = {
			isa = PBXGroup;
			children = (
				10A5001F2B98731A00ADDCAF /* Assets.xcassets */,
				10D526472BA1DD3500460A1E /* Colors.xcassets */,
			);
			path = Assest;
			sourceTree = "<group>";
		};
/* End PBXGroup section */

/* Begin PBXNativeTarget section */
		10A500172B98731200ADDCAF /* WeatherApp */ = {
			isa = PBXNativeTarget;
			buildConfigurationList = 10A5003C2B98731A00ADDCAF /* Build configuration list for PBXNativeTarget "WeatherApp" */;
			buildPhases = (
				10A500142B98731200ADDCAF /* Sources */,
				10A500152B98731200ADDCAF /* Frameworks */,
				10A500162B98731200ADDCAF /* Resources */,
			);
			buildRules = (
			);
			dependencies = (
			);
			name = WeatherApp;
			packageProductDependencies = (
				10A43C1E2BAC1E43009F19BD /* OpenMeteoSdk */,
			);
			productName = WeatherApp;
			productReference = 10A500182B98731200ADDCAF /* WeatherApp.app */;
			productType = "com.apple.product-type.application";
		};
		10A500272B98731A00ADDCAF /* WeatherAppTests */ = {
			isa = PBXNativeTarget;
			buildConfigurationList = 10A5003F2B98731A00ADDCAF /* Build configuration list for PBXNativeTarget "WeatherAppTests" */;
			buildPhases = (
				10A500242B98731A00ADDCAF /* Sources */,
				10A500252B98731A00ADDCAF /* Frameworks */,
				10A500262B98731A00ADDCAF /* Resources */,
			);
			buildRules = (
			);
			dependencies = (
				10A5002A2B98731A00ADDCAF /* PBXTargetDependency */,
			);
			name = WeatherAppTests;
			productName = WeatherAppTests;
			productReference = 10A500282B98731A00ADDCAF /* WeatherAppTests.xctest */;
			productType = "com.apple.product-type.bundle.unit-test";
		};
		10A500312B98731A00ADDCAF /* WeatherAppUITests */ = {
			isa = PBXNativeTarget;
			buildConfigurationList = 10A500422B98731A00ADDCAF /* Build configuration list for PBXNativeTarget "WeatherAppUITests" */;
			buildPhases = (
				10A5002E2B98731A00ADDCAF /* Sources */,
				10A5002F2B98731A00ADDCAF /* Frameworks */,
				10A500302B98731A00ADDCAF /* Resources */,
			);
			buildRules = (
			);
			dependencies = (
				10A500342B98731A00ADDCAF /* PBXTargetDependency */,
			);
			name = WeatherAppUITests;
			productName = WeatherAppUITests;
			productReference = 10A500322B98731A00ADDCAF /* WeatherAppUITests.xctest */;
			productType = "com.apple.product-type.bundle.ui-testing";
		};
/* End PBXNativeTarget section */

/* Begin PBXProject section */
		10A500102B98731200ADDCAF /* Project object */ = {
			isa = PBXProject;
			attributes = {
				BuildIndependentTargetsInParallel = 1;
				LastSwiftUpdateCheck = 1500;
				LastUpgradeCheck = 1500;
				TargetAttributes = {
					10A500172B98731200ADDCAF = {
						CreatedOnToolsVersion = 15.0;
					};
					10A500272B98731A00ADDCAF = {
						CreatedOnToolsVersion = 15.0;
						TestTargetID = 10A500172B98731200ADDCAF;
					};
					10A500312B98731A00ADDCAF = {
						CreatedOnToolsVersion = 15.0;
						TestTargetID = 10A500172B98731200ADDCAF;
					};
				};
			};
			buildConfigurationList = 10A500132B98731200ADDCAF /* Build configuration list for PBXProject "WeatherApp" */;
			compatibilityVersion = "Xcode 14.0";
			developmentRegion = en;
			hasScannedForEncodings = 0;
			knownRegions = (
				en,
				Base,
			);
			mainGroup = 10A5000F2B98731200ADDCAF;
			packageReferences = (
				10A43C1D2BAC1E43009F19BD /* XCRemoteSwiftPackageReference "sdk" */,
			);
			productRefGroup = 10A500192B98731200ADDCAF /* Products */;
			projectDirPath = "";
			projectRoot = "";
			targets = (
				10A500172B98731200ADDCAF /* WeatherApp */,
				10A500272B98731A00ADDCAF /* WeatherAppTests */,
				10A500312B98731A00ADDCAF /* WeatherAppUITests */,
			);
		};
/* End PBXProject section */

/* Begin PBXResourcesBuildPhase section */
		10A500162B98731200ADDCAF /* Resources */ = {
			isa = PBXResourcesBuildPhase;
			buildActionMask = 2147483647;
			files = (
				10D526562BA2004900460A1E /* Nunito-SemiBold.ttf in Resources */,
				10D526542BA2004900460A1E /* Nunito-Regular.ttf in Resources */,
				10D526532BA2004900460A1E /* Nunito-Medium.ttf in Resources */,
				10D526552BA2004900460A1E /* Nunito-Light.ttf in Resources */,
				10D526482BA1DD3500460A1E /* Colors.xcassets in Resources */,
				10A500232B98731A00ADDCAF /* Preview Assets.xcassets in Resources */,
				10A500202B98731A00ADDCAF /* Assets.xcassets in Resources */,
			);
			runOnlyForDeploymentPostprocessing = 0;
		};
		10A500262B98731A00ADDCAF /* Resources */ = {
			isa = PBXResourcesBuildPhase;
			buildActionMask = 2147483647;
			files = (
			);
			runOnlyForDeploymentPostprocessing = 0;
		};
		10A500302B98731A00ADDCAF /* Resources */ = {
			isa = PBXResourcesBuildPhase;
			buildActionMask = 2147483647;
			files = (
			);
			runOnlyForDeploymentPostprocessing = 0;
		};
/* End PBXResourcesBuildPhase section */

/* Begin PBXSourcesBuildPhase section */
		10A500142B98731200ADDCAF /* Sources */ = {
			isa = PBXSourcesBuildPhase;
			buildActionMask = 2147483647;
			files = (
				10B1D7E12BD6D275001BC80B /* DateForecastModel.swift in Sources */,
				10C24F422BA2DCCE00EEF87F /* MainScreen.swift in Sources */,
				10C24F632BA30A2000EEF87F /* LocationManager.swift in Sources */,
				10B1D7DB2BD6B999001BC80B /* WeatherForecastListView.swift in Sources */,
				10A5001E2B98731200ADDCAF /* ContentView.swift in Sources */,
				10C24F5F2BA2E33700EEF87F /* SearchBar.swift in Sources */,
				10D526432BA1DCFE00460A1E /* ViewFrame.swift in Sources */,
				1072D6C32BA4354600EE103C /* WeatherInfoView.swift in Sources */,
				1097FEB02BD7A01700364F6B /* MyCalendar.swift in Sources */,
				10A43C232BAC3886009F19BD /* WeatherCodable.swift in Sources */,
				10A7DB142BDBB2B200BB8C9F /* HourlyDataViewModel.swift in Sources */,
				10C24F512BA2DD6300EEF87F /* SettingsView.swift in Sources */,
				10D5264E2BA1FE9A00460A1E /* Font.swift in Sources */,
				10A43C212BAC1E5C009F19BD /* WeatherRequest.swift in Sources */,
				10B1D7D12BD6B82F001BC80B /* WeatherInfoHeaderView.swift in Sources */,
				10B1D7DD2BD6C17F001BC80B /* AnimationData.swift in Sources */,
				10B1D7DF2BD6D26D001BC80B /* DateForecastViewModel.swift in Sources */,
				10C24F592BA2DF7000EEF87F /* MainScreenViewModel.swift in Sources */,
				10B1D7D52BD6B8CA001BC80B /* WeatherIconView.swift in Sources */,
				10C24F5D2BA2E21A00EEF87F /* Location.swift in Sources */,
				10C24F5B2BA2E1F900EEF87F /* MyLocationsViewModel.swift in Sources */,
				10C24F532BA2DD7700EEF87F /* DateForecastView.swift in Sources */,
				10DC79FC2BA732E80000B702 /* AppErrors.swift in Sources */,
				10B1D7D32BD6B869001BC80B /* CommonTitleLabelView.swift in Sources */,
				106A2C772BDF8E1700CD6E48 /* DailyDataViewModel.swift in Sources */,
				10D5264A2BA1E1B800460A1E /* LoaderView.swift in Sources */,
				10C24F552BA2DD8A00EEF87F /* LocationsView.swift in Sources */,
				10B1D7D72BD6B8F8001BC80B /* MinMaxTemperatureChartView.swift in Sources */,
				10A5001C2B98731200ADDCAF /* WeatherAppApp.swift in Sources */,
				1044C68C2BDAB679001D6F93 /* Double + Format.swift in Sources */,
				10B1D7D92BD6B933001BC80B /* WeatherHourlyView.swift in Sources */,
				10C24F612BA3053B00EEF87F /* LocationSearchListView.swift in Sources */,
				1044C68A2BDAB362001D6F93 /* WeatherInfoViewModel.swift in Sources */,
				10D526412BA1DC5F00460A1E /* Constants.swift in Sources */,
				10D5264C2BA1F52500460A1E /* Window.swift in Sources */,
			);
			runOnlyForDeploymentPostprocessing = 0;
		};
		10A500242B98731A00ADDCAF /* Sources */ = {
			isa = PBXSourcesBuildPhase;
			buildActionMask = 2147483647;
			files = (
				10A5002D2B98731A00ADDCAF /* WeatherAppTests.swift in Sources */,
			);
			runOnlyForDeploymentPostprocessing = 0;
		};
		10A5002E2B98731A00ADDCAF /* Sources */ = {
			isa = PBXSourcesBuildPhase;
			buildActionMask = 2147483647;
			files = (
				10A500372B98731A00ADDCAF /* WeatherAppUITests.swift in Sources */,
				10A500392B98731A00ADDCAF /* WeatherAppUITestsLaunchTests.swift in Sources */,
			);
			runOnlyForDeploymentPostprocessing = 0;
		};
/* End PBXSourcesBuildPhase section */

/* Begin PBXTargetDependency section */
		10A5002A2B98731A00ADDCAF /* PBXTargetDependency */ = {
			isa = PBXTargetDependency;
			target = 10A500172B98731200ADDCAF /* WeatherApp */;
			targetProxy = 10A500292B98731A00ADDCAF /* PBXContainerItemProxy */;
		};
		10A500342B98731A00ADDCAF /* PBXTargetDependency */ = {
			isa = PBXTargetDependency;
			target = 10A500172B98731200ADDCAF /* WeatherApp */;
			targetProxy = 10A500332B98731A00ADDCAF /* PBXContainerItemProxy */;
		};
/* End PBXTargetDependency section */

/* Begin XCBuildConfiguration section */
		10A5003A2B98731A00ADDCAF /* Debug */ = {
			isa = XCBuildConfiguration;
			buildSettings = {
				ALWAYS_SEARCH_USER_PATHS = NO;
				ASSETCATALOG_COMPILER_GENERATE_SWIFT_ASSET_SYMBOL_EXTENSIONS = YES;
				CLANG_ANALYZER_NONNULL = YES;
				CLANG_ANALYZER_NUMBER_OBJECT_CONVERSION = YES_AGGRESSIVE;
				CLANG_CXX_LANGUAGE_STANDARD = "gnu++20";
				CLANG_ENABLE_MODULES = YES;
				CLANG_ENABLE_OBJC_ARC = YES;
				CLANG_ENABLE_OBJC_WEAK = YES;
				CLANG_WARN_BLOCK_CAPTURE_AUTORELEASING = YES;
				CLANG_WARN_BOOL_CONVERSION = YES;
				CLANG_WARN_COMMA = YES;
				CLANG_WARN_CONSTANT_CONVERSION = YES;
				CLANG_WARN_DEPRECATED_OBJC_IMPLEMENTATIONS = YES;
				CLANG_WARN_DIRECT_OBJC_ISA_USAGE = YES_ERROR;
				CLANG_WARN_DOCUMENTATION_COMMENTS = YES;
				CLANG_WARN_EMPTY_BODY = YES;
				CLANG_WARN_ENUM_CONVERSION = YES;
				CLANG_WARN_INFINITE_RECURSION = YES;
				CLANG_WARN_INT_CONVERSION = YES;
				CLANG_WARN_NON_LITERAL_NULL_CONVERSION = YES;
				CLANG_WARN_OBJC_IMPLICIT_RETAIN_SELF = YES;
				CLANG_WARN_OBJC_LITERAL_CONVERSION = YES;
				CLANG_WARN_OBJC_ROOT_CLASS = YES_ERROR;
				CLANG_WARN_QUOTED_INCLUDE_IN_FRAMEWORK_HEADER = YES;
				CLANG_WARN_RANGE_LOOP_ANALYSIS = YES;
				CLANG_WARN_STRICT_PROTOTYPES = YES;
				CLANG_WARN_SUSPICIOUS_MOVE = YES;
				CLANG_WARN_UNGUARDED_AVAILABILITY = YES_AGGRESSIVE;
				CLANG_WARN_UNREACHABLE_CODE = YES;
				CLANG_WARN__DUPLICATE_METHOD_MATCH = YES;
				COPY_PHASE_STRIP = NO;
				DEBUG_INFORMATION_FORMAT = dwarf;
				ENABLE_STRICT_OBJC_MSGSEND = YES;
				ENABLE_TESTABILITY = YES;
				ENABLE_USER_SCRIPT_SANDBOXING = YES;
				GCC_C_LANGUAGE_STANDARD = gnu17;
				GCC_DYNAMIC_NO_PIC = NO;
				GCC_NO_COMMON_BLOCKS = YES;
				GCC_OPTIMIZATION_LEVEL = 0;
				GCC_PREPROCESSOR_DEFINITIONS = (
					"DEBUG=1",
					"$(inherited)",
				);
				GCC_WARN_64_TO_32_BIT_CONVERSION = YES;
				GCC_WARN_ABOUT_RETURN_TYPE = YES_ERROR;
				GCC_WARN_UNDECLARED_SELECTOR = YES;
				GCC_WARN_UNINITIALIZED_AUTOS = YES_AGGRESSIVE;
				GCC_WARN_UNUSED_FUNCTION = YES;
				GCC_WARN_UNUSED_VARIABLE = YES;
				IPHONEOS_DEPLOYMENT_TARGET = 17.0;
				LOCALIZATION_PREFERS_STRING_CATALOGS = YES;
				MTL_ENABLE_DEBUG_INFO = INCLUDE_SOURCE;
				MTL_FAST_MATH = YES;
				ONLY_ACTIVE_ARCH = YES;
				SDKROOT = iphoneos;
				SWIFT_ACTIVE_COMPILATION_CONDITIONS = "DEBUG $(inherited)";
				SWIFT_OPTIMIZATION_LEVEL = "-Onone";
			};
			name = Debug;
		};
		10A5003B2B98731A00ADDCAF /* Release */ = {
			isa = XCBuildConfiguration;
			buildSettings = {
				ALWAYS_SEARCH_USER_PATHS = NO;
				ASSETCATALOG_COMPILER_GENERATE_SWIFT_ASSET_SYMBOL_EXTENSIONS = YES;
				CLANG_ANALYZER_NONNULL = YES;
				CLANG_ANALYZER_NUMBER_OBJECT_CONVERSION = YES_AGGRESSIVE;
				CLANG_CXX_LANGUAGE_STANDARD = "gnu++20";
				CLANG_ENABLE_MODULES = YES;
				CLANG_ENABLE_OBJC_ARC = YES;
				CLANG_ENABLE_OBJC_WEAK = YES;
				CLANG_WARN_BLOCK_CAPTURE_AUTORELEASING = YES;
				CLANG_WARN_BOOL_CONVERSION = YES;
				CLANG_WARN_COMMA = YES;
				CLANG_WARN_CONSTANT_CONVERSION = YES;
				CLANG_WARN_DEPRECATED_OBJC_IMPLEMENTATIONS = YES;
				CLANG_WARN_DIRECT_OBJC_ISA_USAGE = YES_ERROR;
				CLANG_WARN_DOCUMENTATION_COMMENTS = YES;
				CLANG_WARN_EMPTY_BODY = YES;
				CLANG_WARN_ENUM_CONVERSION = YES;
				CLANG_WARN_INFINITE_RECURSION = YES;
				CLANG_WARN_INT_CONVERSION = YES;
				CLANG_WARN_NON_LITERAL_NULL_CONVERSION = YES;
				CLANG_WARN_OBJC_IMPLICIT_RETAIN_SELF = YES;
				CLANG_WARN_OBJC_LITERAL_CONVERSION = YES;
				CLANG_WARN_OBJC_ROOT_CLASS = YES_ERROR;
				CLANG_WARN_QUOTED_INCLUDE_IN_FRAMEWORK_HEADER = YES;
				CLANG_WARN_RANGE_LOOP_ANALYSIS = YES;
				CLANG_WARN_STRICT_PROTOTYPES = YES;
				CLANG_WARN_SUSPICIOUS_MOVE = YES;
				CLANG_WARN_UNGUARDED_AVAILABILITY = YES_AGGRESSIVE;
				CLANG_WARN_UNREACHABLE_CODE = YES;
				CLANG_WARN__DUPLICATE_METHOD_MATCH = YES;
				COPY_PHASE_STRIP = NO;
				DEBUG_INFORMATION_FORMAT = "dwarf-with-dsym";
				ENABLE_NS_ASSERTIONS = NO;
				ENABLE_STRICT_OBJC_MSGSEND = YES;
				ENABLE_USER_SCRIPT_SANDBOXING = YES;
				GCC_C_LANGUAGE_STANDARD = gnu17;
				GCC_NO_COMMON_BLOCKS = YES;
				GCC_WARN_64_TO_32_BIT_CONVERSION = YES;
				GCC_WARN_ABOUT_RETURN_TYPE = YES_ERROR;
				GCC_WARN_UNDECLARED_SELECTOR = YES;
				GCC_WARN_UNINITIALIZED_AUTOS = YES_AGGRESSIVE;
				GCC_WARN_UNUSED_FUNCTION = YES;
				GCC_WARN_UNUSED_VARIABLE = YES;
				IPHONEOS_DEPLOYMENT_TARGET = 17.0;
				LOCALIZATION_PREFERS_STRING_CATALOGS = YES;
				MTL_ENABLE_DEBUG_INFO = NO;
				MTL_FAST_MATH = YES;
				SDKROOT = iphoneos;
				SWIFT_COMPILATION_MODE = wholemodule;
				VALIDATE_PRODUCT = YES;
			};
			name = Release;
		};
		10A5003D2B98731A00ADDCAF /* Debug */ = {
			isa = XCBuildConfiguration;
			buildSettings = {
				ASSETCATALOG_COMPILER_APPICON_NAME = AppIcon;
				ASSETCATALOG_COMPILER_GLOBAL_ACCENT_COLOR_NAME = AccentColor;
				CODE_SIGN_STYLE = Automatic;
				CURRENT_PROJECT_VERSION = 1;
				DEVELOPMENT_ASSET_PATHS = "\"WeatherApp/Preview Content\"";
				DEVELOPMENT_TEAM = 23S6UWXUWC;
				ENABLE_PREVIEWS = YES;
				GENERATE_INFOPLIST_FILE = YES;
				INFOPLIST_FILE = WeatherApp/Info.plist;
				INFOPLIST_KEY_LSApplicationCategoryType = "public.app-category.weather";
				INFOPLIST_KEY_NSLocationWhenInUseUsageDescription = "Please allow us to fetch weather data based on your location";
				INFOPLIST_KEY_UIApplicationSceneManifest_Generation = YES;
				INFOPLIST_KEY_UIApplicationSupportsIndirectInputEvents = YES;
				INFOPLIST_KEY_UILaunchScreen_Generation = YES;
				INFOPLIST_KEY_UISupportedInterfaceOrientations = UIInterfaceOrientationPortrait;
				INFOPLIST_KEY_UISupportedInterfaceOrientations_iPad = "UIInterfaceOrientationLandscapeLeft UIInterfaceOrientationLandscapeRight UIInterfaceOrientationPortrait UIInterfaceOrientationPortraitUpsideDown";
				LD_RUNPATH_SEARCH_PATHS = (
					"$(inherited)",
					"@executable_path/Frameworks",
				);
				MARKETING_VERSION = 1.0;
				PRODUCT_BUNDLE_IDENTIFIER = com.riyanshi.WeatherApp;
				PRODUCT_NAME = "$(TARGET_NAME)";
				SUPPORTED_PLATFORMS = "iphoneos iphonesimulator";
				SUPPORTS_MACCATALYST = NO;
				SUPPORTS_MAC_DESIGNED_FOR_IPHONE_IPAD = NO;
				SWIFT_EMIT_LOC_STRINGS = YES;
				SWIFT_VERSION = 5.0;
				TARGETED_DEVICE_FAMILY = 1;
			};
			name = Debug;
		};
		10A5003E2B98731A00ADDCAF /* Release */ = {
			isa = XCBuildConfiguration;
			buildSettings = {
				ASSETCATALOG_COMPILER_APPICON_NAME = AppIcon;
				ASSETCATALOG_COMPILER_GLOBAL_ACCENT_COLOR_NAME = AccentColor;
				CODE_SIGN_STYLE = Automatic;
				CURRENT_PROJECT_VERSION = 1;
				DEVELOPMENT_ASSET_PATHS = "\"WeatherApp/Preview Content\"";
				DEVELOPMENT_TEAM = 23S6UWXUWC;
				ENABLE_PREVIEWS = YES;
				GENERATE_INFOPLIST_FILE = YES;
				INFOPLIST_FILE = WeatherApp/Info.plist;
				INFOPLIST_KEY_LSApplicationCategoryType = "public.app-category.weather";
				INFOPLIST_KEY_NSLocationWhenInUseUsageDescription = "Please allow us to fetch weather data based on your location";
				INFOPLIST_KEY_UIApplicationSceneManifest_Generation = YES;
				INFOPLIST_KEY_UIApplicationSupportsIndirectInputEvents = YES;
				INFOPLIST_KEY_UILaunchScreen_Generation = YES;
				INFOPLIST_KEY_UISupportedInterfaceOrientations = UIInterfaceOrientationPortrait;
				INFOPLIST_KEY_UISupportedInterfaceOrientations_iPad = "UIInterfaceOrientationLandscapeLeft UIInterfaceOrientationLandscapeRight UIInterfaceOrientationPortrait UIInterfaceOrientationPortraitUpsideDown";
				LD_RUNPATH_SEARCH_PATHS = (
					"$(inherited)",
					"@executable_path/Frameworks",
				);
				MARKETING_VERSION = 1.0;
				PRODUCT_BUNDLE_IDENTIFIER = com.riyanshi.WeatherApp;
				PRODUCT_NAME = "$(TARGET_NAME)";
				SUPPORTED_PLATFORMS = "iphoneos iphonesimulator";
				SUPPORTS_MACCATALYST = NO;
				SUPPORTS_MAC_DESIGNED_FOR_IPHONE_IPAD = NO;
				SWIFT_EMIT_LOC_STRINGS = YES;
				SWIFT_VERSION = 5.0;
				TARGETED_DEVICE_FAMILY = 1;
			};
			name = Release;
		};
		10A500402B98731A00ADDCAF /* Debug */ = {
			isa = XCBuildConfiguration;
			buildSettings = {
				ALWAYS_EMBED_SWIFT_STANDARD_LIBRARIES = YES;
				BUNDLE_LOADER = "$(TEST_HOST)";
				CODE_SIGN_STYLE = Automatic;
				CURRENT_PROJECT_VERSION = 1;
				DEVELOPMENT_TEAM = 23S6UWXUWC;
				GENERATE_INFOPLIST_FILE = YES;
				IPHONEOS_DEPLOYMENT_TARGET = 17.0;
				MARKETING_VERSION = 1.0;
				PRODUCT_BUNDLE_IDENTIFIER = com.riyanshi.WeatherAppTests;
				PRODUCT_NAME = "$(TARGET_NAME)";
				SWIFT_EMIT_LOC_STRINGS = NO;
				SWIFT_VERSION = 5.0;
				TARGETED_DEVICE_FAMILY = "1,2";
				TEST_HOST = "$(BUILT_PRODUCTS_DIR)/WeatherApp.app/$(BUNDLE_EXECUTABLE_FOLDER_PATH)/WeatherApp";
			};
			name = Debug;
		};
		10A500412B98731A00ADDCAF /* Release */ = {
			isa = XCBuildConfiguration;
			buildSettings = {
				ALWAYS_EMBED_SWIFT_STANDARD_LIBRARIES = YES;
				BUNDLE_LOADER = "$(TEST_HOST)";
				CODE_SIGN_STYLE = Automatic;
				CURRENT_PROJECT_VERSION = 1;
				DEVELOPMENT_TEAM = 23S6UWXUWC;
				GENERATE_INFOPLIST_FILE = YES;
				IPHONEOS_DEPLOYMENT_TARGET = 17.0;
				MARKETING_VERSION = 1.0;
				PRODUCT_BUNDLE_IDENTIFIER = com.riyanshi.WeatherAppTests;
				PRODUCT_NAME = "$(TARGET_NAME)";
				SWIFT_EMIT_LOC_STRINGS = NO;
				SWIFT_VERSION = 5.0;
				TARGETED_DEVICE_FAMILY = "1,2";
				TEST_HOST = "$(BUILT_PRODUCTS_DIR)/WeatherApp.app/$(BUNDLE_EXECUTABLE_FOLDER_PATH)/WeatherApp";
			};
			name = Release;
		};
		10A500432B98731A00ADDCAF /* Debug */ = {
			isa = XCBuildConfiguration;
			buildSettings = {
				ALWAYS_EMBED_SWIFT_STANDARD_LIBRARIES = YES;
				CODE_SIGN_STYLE = Automatic;
				CURRENT_PROJECT_VERSION = 1;
				DEVELOPMENT_TEAM = 23S6UWXUWC;
				GENERATE_INFOPLIST_FILE = YES;
				MARKETING_VERSION = 1.0;
				PRODUCT_BUNDLE_IDENTIFIER = com.riyanshi.WeatherAppUITests;
				PRODUCT_NAME = "$(TARGET_NAME)";
				SWIFT_EMIT_LOC_STRINGS = NO;
				SWIFT_VERSION = 5.0;
				TARGETED_DEVICE_FAMILY = "1,2";
				TEST_TARGET_NAME = WeatherApp;
			};
			name = Debug;
		};
		10A500442B98731A00ADDCAF /* Release */ = {
			isa = XCBuildConfiguration;
			buildSettings = {
				ALWAYS_EMBED_SWIFT_STANDARD_LIBRARIES = YES;
				CODE_SIGN_STYLE = Automatic;
				CURRENT_PROJECT_VERSION = 1;
				DEVELOPMENT_TEAM = 23S6UWXUWC;
				GENERATE_INFOPLIST_FILE = YES;
				MARKETING_VERSION = 1.0;
				PRODUCT_BUNDLE_IDENTIFIER = com.riyanshi.WeatherAppUITests;
				PRODUCT_NAME = "$(TARGET_NAME)";
				SWIFT_EMIT_LOC_STRINGS = NO;
				SWIFT_VERSION = 5.0;
				TARGETED_DEVICE_FAMILY = "1,2";
				TEST_TARGET_NAME = WeatherApp;
			};
			name = Release;
		};
/* End XCBuildConfiguration section */

/* Begin XCConfigurationList section */
		10A500132B98731200ADDCAF /* Build configuration list for PBXProject "WeatherApp" */ = {
			isa = XCConfigurationList;
			buildConfigurations = (
				10A5003A2B98731A00ADDCAF /* Debug */,
				10A5003B2B98731A00ADDCAF /* Release */,
			);
			defaultConfigurationIsVisible = 0;
			defaultConfigurationName = Release;
		};
		10A5003C2B98731A00ADDCAF /* Build configuration list for PBXNativeTarget "WeatherApp" */ = {
			isa = XCConfigurationList;
			buildConfigurations = (
				10A5003D2B98731A00ADDCAF /* Debug */,
				10A5003E2B98731A00ADDCAF /* Release */,
			);
			defaultConfigurationIsVisible = 0;
			defaultConfigurationName = Release;
		};
		10A5003F2B98731A00ADDCAF /* Build configuration list for PBXNativeTarget "WeatherAppTests" */ = {
			isa = XCConfigurationList;
			buildConfigurations = (
				10A500402B98731A00ADDCAF /* Debug */,
				10A500412B98731A00ADDCAF /* Release */,
			);
			defaultConfigurationIsVisible = 0;
			defaultConfigurationName = Release;
		};
		10A500422B98731A00ADDCAF /* Build configuration list for PBXNativeTarget "WeatherAppUITests" */ = {
			isa = XCConfigurationList;
			buildConfigurations = (
				10A500432B98731A00ADDCAF /* Debug */,
				10A500442B98731A00ADDCAF /* Release */,
			);
			defaultConfigurationIsVisible = 0;
			defaultConfigurationName = Release;
		};
/* End XCConfigurationList section */

/* Begin XCRemoteSwiftPackageReference section */
		10A43C1D2BAC1E43009F19BD /* XCRemoteSwiftPackageReference "sdk" */ = {
			isa = XCRemoteSwiftPackageReference;
			repositoryURL = "https://github.com/open-meteo/sdk.git";
			requirement = {
				branch = main;
				kind = branch;
			};
		};
/* End XCRemoteSwiftPackageReference section */

/* Begin XCSwiftPackageProductDependency section */
		10A43C1E2BAC1E43009F19BD /* OpenMeteoSdk */ = {
			isa = XCSwiftPackageProductDependency;
			package = 10A43C1D2BAC1E43009F19BD /* XCRemoteSwiftPackageReference "sdk" */;
			productName = OpenMeteoSdk;
		};
/* End XCSwiftPackageProductDependency section */
	};
	rootObject = 10A500102B98731200ADDCAF /* Project object */;
}
